
Microsoft Visual Studio Solution File, Format Version 12.00
# Visual Studio Version 17
VisualStudioVersion = 17.13.35825.156
MinimumVisualStudioVersion = 10.0.40219.1
Project("{FAE04EC0-301F-11D3-BF4B-00C04F79EFBC}") = "FullStackAssessment_U3Infotech", "FullStackAssessment_U3Infotech.csproj", "{819D20B9-1764-46D7-9B10-761B6C85A4EE}"
EndProject
Project("{54A90642-561A-4BB1-A94E-469ADEE60C69}") = "employeecafeappui", "..\EmployeeCafeAPPUI\employeecafeappui.esproj", "{6178C144-5311-97BF-4B71-4269237394F1}"
	ProjectSection(ProjectDependencies) = postProject
		{819D20B9-1764-46D7-9B10-761B6C85A4EE} = {819D20B9-1764-46D7-9B10-761B6C85A4EE}
	EndProjectSection
EndProject
Global
	GlobalSection(SolutionConfigurationPlatforms) = preSolution
		Debug|Any CPU = Debug|Any CPU
		Release|Any CPU = Release|Any CPU
	EndGlobalSection
	GlobalSection(ProjectConfigurationPlatforms) = postSolution
		{819D20B9-1764-46D7-9B10-761B6C85A4EE}.Debug|Any CPU.ActiveCfg = Debug|Any CPU
		{819D20B9-1764-46D7-9B10-761B6C85A4EE}.Debug|Any CPU.Build.0 = Debug|Any CPU
		{819D20B9-1764-46D7-9B10-761B6C85A4EE}.Release|Any CPU.ActiveCfg = Release|Any CPU
		{819D20B9-1764-46D7-9B10-761B6C85A4EE}.Release|Any CPU.Build.0 = Release|Any CPU
		{6178C144-5311-97BF-4B71-4269237394F1}.Debug|Any CPU.ActiveCfg = Debug|Any CPU
		{6178C144-5311-97BF-4B71-4269237394F1}.Debug|Any CPU.Build.0 = Debug|Any CPU
		{6178C144-5311-97BF-4B71-4269237394F1}.Debug|Any CPU.Deploy.0 = Debug|Any CPU
		{6178C144-5311-97BF-4B71-4269237394F1}.Release|Any CPU.ActiveCfg = Release|Any CPU
		{6178C144-5311-97BF-4B71-4269237394F1}.Release|Any CPU.Build.0 = Release|Any CPU
		{6178C144-5311-97BF-4B71-4269237394F1}.Release|Any CPU.Deploy.0 = Release|Any CPU
	EndGlobalSection
	GlobalSection(SolutionProperties) = preSolution
		HideSolutionNode = FALSE
	EndGlobalSection
	GlobalSection(ExtensibilityGlobals) = postSolution
		SolutionGuid = {D33815E4-2848-42C8-97EB-57BB05C5B772}
	EndGlobalSection
EndGlobal
